// !$*UTF8*$!
{
	archiveVersion = 1;
	classes = {
	};
	objectVersion = 50;
	objects = {

/* Begin PBXBuildFile section */
		C712381621B1BF3D001D1CB4 /* DataViewController.swift in Sources */ = {isa = PBXBuildFile; fileRef = C712381521B1BF3D001D1CB4 /* DataViewController.swift */; };
		C712381821B1BFAD001D1CB4 /* ButtonItemCell.swift in Sources */ = {isa = PBXBuildFile; fileRef = C712381721B1BFAD001D1CB4 /* ButtonItemCell.swift */; };
		C712381A21B1C039001D1CB4 /* BucketItem.swift in Sources */ = {isa = PBXBuildFile; fileRef = C712381921B1C039001D1CB4 /* BucketItem.swift */; };
		C712381C21B1C08B001D1CB4 /* bucket18.csv in Resources */ = {isa = PBXBuildFile; fileRef = C712381B21B1C08B001D1CB4 /* bucket18.csv */; };
		C75D6B4821AC7D3500CA79F0 /* AppDelegate.swift in Sources */ = {isa = PBXBuildFile; fileRef = C75D6B4721AC7D3500CA79F0 /* AppDelegate.swift */; };
		C75D6B4D21AC7D3500CA79F0 /* Main.storyboard in Resources */ = {isa = PBXBuildFile; fileRef = C75D6B4B21AC7D3500CA79F0 /* Main.storyboard */; };
		C75D6B4F21AC7D3F00CA79F0 /* Assets.xcassets in Resources */ = {isa = PBXBuildFile; fileRef = C75D6B4E21AC7D3F00CA79F0 /* Assets.xcassets */; };
		C75D6B5221AC7D4000CA79F0 /* LaunchScreen.storyboard in Resources */ = {isa = PBXBuildFile; fileRef = C75D6B5021AC7D4000CA79F0 /* LaunchScreen.storyboard */; };
		C75D6B5E21AC7E4200CA79F0 /* CollectionViewCell.swift in Sources */ = {isa = PBXBuildFile; fileRef = C75D6B5D21AC7E4200CA79F0 /* CollectionViewCell.swift */; };
/* End PBXBuildFile section */

/* Begin PBXFileReference section */
		C712381521B1BF3D001D1CB4 /* DataViewController.swift */ = {isa = PBXFileReference; lastKnownFileType = sourcecode.swift; path = DataViewController.swift; sourceTree = "<group>"; };
		C712381721B1BFAD001D1CB4 /* ButtonItemCell.swift */ = {isa = PBXFileReference; lastKnownFileType = sourcecode.swift; path = ButtonItemCell.swift; sourceTree = "<group>"; };
		C712381921B1C039001D1CB4 /* BucketItem.swift */ = {isa = PBXFileReference; lastKnownFileType = sourcecode.swift; path = BucketItem.swift; sourceTree = "<group>"; };
		C712381B21B1C08B001D1CB4 /* bucket18.csv */ = {isa = PBXFileReference; fileEncoding = 4; lastKnownFileType = text; name = bucket18.csv; path = ../../../../../Downloads/bucket18.csv; sourceTree = "<group>"; };
		C75D6B4421AC7D3500CA79F0 /* dataProject.app */ = {isa = PBXFileReference; explicitFileType = wrapper.application; includeInIndex = 0; path = dataProject.app; sourceTree = BUILT_PRODUCTS_DIR; };
		C75D6B4721AC7D3500CA79F0 /* AppDelegate.swift */ = {isa = PBXFileReference; lastKnownFileType = sourcecode.swift; path = AppDelegate.swift; sourceTree = "<group>"; };
		C75D6B4C21AC7D3500CA79F0 /* Base */ = {isa = PBXFileReference; lastKnownFileType = file.storyboard; name = Base; path = Base.lproj/Main.storyboard; sourceTree = "<group>"; };
		C75D6B4E21AC7D3F00CA79F0 /* Assets.xcassets */ = {isa = PBXFileReference; lastKnownFileType = folder.assetcatalog; path = Assets.xcassets; sourceTree = "<group>"; };
		C75D6B5121AC7D4000CA79F0 /* Base */ = {isa = PBXFileReference; lastKnownFileType = file.storyboard; name = Base; path = Base.lproj/LaunchScreen.storyboard; sourceTree = "<group>"; };
		C75D6B5321AC7D4000CA79F0 /* Info.plist */ = {isa = PBXFileReference; lastKnownFileType = text.plist.xml; path = Info.plist; sourceTree = "<group>"; };
		C75D6B5D21AC7E4200CA79F0 /* CollectionViewCell.swift */ = {isa = PBXFileReference; lastKnownFileType = sourcecode.swift; path = CollectionViewCell.swift; sourceTree = "<group>"; };
/* End PBXFileReference section */

/* Begin PBXFrameworksBuildPhase section */
		C75D6B4121AC7D3500CA79F0 /* Frameworks */ = {
			isa = PBXFrameworksBuildPhase;
			buildActionMask = 2147483647;
			files = (
			);
			runOnlyForDeploymentPostprocessing = 0;
		};
/* End PBXFrameworksBuildPhase section */

/* Begin PBXGroup section */
		C75D6B3B21AC7D3500CA79F0 = {
			isa = PBXGroup;
			children = (
				C75D6B4621AC7D3500CA79F0 /* dataProject */,
				C75D6B4521AC7D3500CA79F0 /* Products */,
			);
			sourceTree = "<group>";
		};
		C75D6B4521AC7D3500CA79F0 /* Products */ = {
			isa = PBXGroup;
			children = (
				C75D6B4421AC7D3500CA79F0 /* dataProject.app */,
			);
			name = Products;
			sourceTree = "<group>";
		};
		C75D6B4621AC7D3500CA79F0 /* dataProject */ = {
			isa = PBXGroup;
			children = (
				C75D6B5C21AC7E2C00CA79F0 /* Model */,
				C75D6B5921AC7DB900CA79F0 /* Resources */,
				C75D6B5B21AC7DFF00CA79F0 /* Controller */,
				C75D6B5A21AC7DC400CA79F0 /* View */,
			);
			path = dataProject;
			sourceTree = "<group>";
		};
		C75D6B5921AC7DB900CA79F0 /* Resources */ = {
			isa = PBXGroup;
			children = (
				C712381B21B1C08B001D1CB4 /* bucket18.csv */,
				C75D6B4721AC7D3500CA79F0 /* AppDelegate.swift */,
				C75D6B4E21AC7D3F00CA79F0 /* Assets.xcassets */,
				C75D6B5321AC7D4000CA79F0 /* Info.plist */,
			);
			path = Resources;
			sourceTree = "<group>";
		};
		C75D6B5A21AC7DC400CA79F0 /* View */ = {
			isa = PBXGroup;
			children = (
				C75D6B4B21AC7D3500CA79F0 /* Main.storyboard */,
				C75D6B5021AC7D4000CA79F0 /* LaunchScreen.storyboard */,
			);
			path = View;
			sourceTree = "<group>";
		};
		C75D6B5B21AC7DFF00CA79F0 /* Controller */ = {
			isa = PBXGroup;
			children = (
				C712381521B1BF3D001D1CB4 /* DataViewController.swift */,
				C712381721B1BFAD001D1CB4 /* ButtonItemCell.swift */,
			);
			path = Controller;
			sourceTree = "<group>";
		};
		C75D6B5C21AC7E2C00CA79F0 /* Model */ = {
			isa = PBXGroup;
			children = (
				C75D6B5D21AC7E4200CA79F0 /* CollectionViewCell.swift */,
				C712381921B1C039001D1CB4 /* BucketItem.swift */,
			);
			path = Model;
			sourceTree = "<group>";
		};
/* End PBXGroup section */

/* Begin PBXNativeTarget section */
		C75D6B4321AC7D3500CA79F0 /* dataProject */ = {
			isa = PBXNativeTarget;
			buildConfigurationList = C75D6B5621AC7D4000CA79F0 /* Build configuration list for PBXNativeTarget "dataProject" */;
			buildPhases = (
				C75D6B4021AC7D3500CA79F0 /* Sources */,
				C75D6B4121AC7D3500CA79F0 /* Frameworks */,
				C75D6B4221AC7D3500CA79F0 /* Resources */,
			);
			buildRules = (
			);
			dependencies = (
			);
			name = dataProject;
			productName = dataProject;
			productReference = C75D6B4421AC7D3500CA79F0 /* dataProject.app */;
			productType = "com.apple.product-type.application";
		};
/* End PBXNativeTarget section */

/* Begin PBXProject section */
		C75D6B3C21AC7D3500CA79F0 /* Project object */ = {
			isa = PBXProject;
			attributes = {
				LastSwiftUpdateCheck = 0940;
				LastUpgradeCheck = 0940;
				ORGANIZATIONNAME = CTEC;
				TargetAttributes = {
					C75D6B4321AC7D3500CA79F0 = {
						CreatedOnToolsVersion = 9.4.1;
					};
				};
			};
			buildConfigurationList = C75D6B3F21AC7D3500CA79F0 /* Build configuration list for PBXProject "dataProject" */;
			compatibilityVersion = "Xcode 9.3";
			developmentRegion = en;
			hasScannedForEncodings = 0;
			knownRegions = (
				en,
				Base,
			);
			mainGroup = C75D6B3B21AC7D3500CA79F0;
			productRefGroup = C75D6B4521AC7D3500CA79F0 /* Products */;
			projectDirPath = "";
			projectRoot = "";
			targets = (
				C75D6B4321AC7D3500CA79F0 /* dataProject */,
			);
		};
/* End PBXProject section */

/* Begin PBXResourcesBuildPhase section */
		C75D6B4221AC7D3500CA79F0 /* Resources */ = {
			isa = PBXResourcesBuildPhase;
			buildActionMask = 2147483647;
			files = (
				C75D6B5221AC7D4000CA79F0 /* LaunchScreen.storyboard in Resources */,
				C712381C21B1C08B001D1CB4 /* bucket18.csv in Resources */,
				C75D6B4F21AC7D3F00CA79F0 /* Assets.xcassets in Resources */,
				C75D6B4D21AC7D3500CA79F0 /* Main.storyboard in Resources */,
			);
			runOnlyForDeploymentPostprocessing = 0;
		};
/* End PBXResourcesBuildPhase section */

/* Begin PBXSourcesBuildPhase section */
		C75D6B4021AC7D3500CA79F0 /* Sources */ = {
			isa = PBXSourcesBuildPhase;
			buildActionMask = 2147483647;
			files = (
				C712381621B1BF3D001D1CB4 /* DataViewController.swift in Sources */,
				C75D6B5E21AC7E4200CA79F0 /* CollectionViewCell.swift in Sources */,
				C712381821B1BFAD001D1CB4 /* ButtonItemCell.swift in Sources */,
				C712381A21B1C039001D1CB4 /* BucketItem.swift in Sources */,
				C75D6B4821AC7D3500CA79F0 /* AppDelegate.swift in Sources */,
			);
			runOnlyForDeploymentPostprocessing = 0;
		};
/* End PBXSourcesBuildPhase section */

/* Begin PBXVariantGroup section */
		C75D6B4B21AC7D3500CA79F0 /* Main.storyboard */ = {
			isa = PBXVariantGroup;
			children = (
				C75D6B4C21AC7D3500CA79F0 /* Base */,
			);
			name = Main.storyboard;
			sourceTree = "<group>";
		};
		C75D6B5021AC7D4000CA79F0 /* LaunchScreen.storyboard */ = {
			isa = PBXVariantGroup;
			children = (
				C75D6B5121AC7D4000CA79F0 /* Base */,
			);
			name = LaunchScreen.storyboard;
			sourceTree = "<group>";
		};
/* End PBXVariantGroup section */

/* Begin XCBuildConfiguration section */
		C75D6B5421AC7D4000CA79F0 /* Debug */ = {
			isa = XCBuildConfiguration;
			buildSettings = {
				ALWAYS_SEARCH_USER_PATHS = NO;
				CLANG_ANALYZER_NONNULL = YES;
				CLANG_ANALYZER_NUMBER_OBJECT_CONVERSION = YES_AGGRESSIVE;
				CLANG_CXX_LANGUAGE_STANDARD = "gnu++14";
				CLANG_CXX_LIBRARY = "libc++";
				CLANG_ENABLE_MODULES = YES;
				CLANG_ENABLE_OBJC_ARC = YES;
				CLANG_ENABLE_OBJC_WEAK = YES;
				CLANG_WARN_BLOCK_CAPTURE_AUTORELEASING = YES;
				CLANG_WARN_BOOL_CONVERSION = YES;
				CLANG_WARN_COMMA = YES;
				CLANG_WARN_CONSTANT_CONVERSION = YES;
				CLANG_WARN_DEPRECATED_OBJC_IMPLEMENTATIONS = YES;
				CLANG_WARN_DIRECT_OBJC_ISA_USAGE = YES_ERROR;
				CLANG_WARN_DOCUMENTATION_COMMENTS = YES;
				CLANG_WARN_EMPTY_BODY = YES;
				CLANG_WARN_ENUM_CONVERSION = YES;
				CLANG_WARN_INFINITE_RECURSION = YES;
				CLANG_WARN_INT_CONVERSION = YES;
				CLANG_WARN_NON_LITERAL_NULL_CONVERSION = YES;
				CLANG_WARN_OBJC_IMPLICIT_RETAIN_SELF = YES;
				CLANG_WARN_OBJC_LITERAL_CONVERSION = YES;
				CLANG_WARN_OBJC_ROOT_CLASS = YES_ERROR;
				CLANG_WARN_RANGE_LOOP_ANALYSIS = YES;
				CLANG_WARN_STRICT_PROTOTYPES = YES;
				CLANG_WARN_SUSPICIOUS_MOVE = YES;
				CLANG_WARN_UNGUARDED_AVAILABILITY = YES_AGGRESSIVE;
				CLANG_WARN_UNREACHABLE_CODE = YES;
				CLANG_WARN__DUPLICATE_METHOD_MATCH = YES;
				CODE_SIGN_IDENTITY = "iPhone Developer";
				COPY_PHASE_STRIP = NO;
				DEBUG_INFORMATION_FORMAT = dwarf;
				ENABLE_STRICT_OBJC_MSGSEND = YES;
				ENABLE_TESTABILITY = YES;
				GCC_C_LANGUAGE_STANDARD = gnu11;
				GCC_DYNAMIC_NO_PIC = NO;
				GCC_NO_COMMON_BLOCKS = YES;
				GCC_OPTIMIZATION_LEVEL = 0;
				GCC_PREPROCESSOR_DEFINITIONS = (
					"DEBUG=1",
					"$(inherited)",
				);
				GCC_WARN_64_TO_32_BIT_CONVERSION = YES;
				GCC_WARN_ABOUT_RETURN_TYPE = YES_ERROR;
				GCC_WARN_UNDECLARED_SELECTOR = YES;
				GCC_WARN_UNINITIALIZED_AUTOS = YES_AGGRESSIVE;
				GCC_WARN_UNUSED_FUNCTION = YES;
				GCC_WARN_UNUSED_VARIABLE = YES;
				IPHONEOS_DEPLOYMENT_TARGET = 11.4;
				MTL_ENABLE_DEBUG_INFO = YES;
				ONLY_ACTIVE_ARCH = YES;
				SDKROOT = iphoneos;
				SWIFT_ACTIVE_COMPILATION_CONDITIONS = DEBUG;
				SWIFT_OPTIMIZATION_LEVEL = "-Onone";
			};
			name = Debug;
		};
		C75D6B5521AC7D4000CA79F0 /* Release */ = {
			isa = XCBuildConfiguration;
			buildSettings = {
				ALWAYS_SEARCH_USER_PATHS = NO;
				CLANG_ANALYZER_NONNULL = YES;
				CLANG_ANALYZER_NUMBER_OBJECT_CONVERSION = YES_AGGRESSIVE;
				CLANG_CXX_LANGUAGE_STANDARD = "gnu++14";
				CLANG_CXX_LIBRARY = "libc++";
				CLANG_ENABLE_MODULES = YES;
				CLANG_ENABLE_OBJC_ARC = YES;
				CLANG_ENABLE_OBJC_WEAK = YES;
				CLANG_WARN_BLOCK_CAPTURE_AUTORELEASING = YES;
				CLANG_WARN_BOOL_CONVERSION = YES;
				CLANG_WARN_COMMA = YES;
				CLANG_WARN_CONSTANT_CONVERSION = YES;
				CLANG_WARN_DEPRECATED_OBJC_IMPLEMENTATIONS = YES;
				CLANG_WARN_DIRECT_OBJC_ISA_USAGE = YES_ERROR;
				CLANG_WARN_DOCUMENTATION_COMMENTS = YES;
				CLANG_WARN_EMPTY_BODY = YES;
				CLANG_WARN_ENUM_CONVERSION = YES;
				CLANG_WARN_INFINITE_RECURSION = YES;
				CLANG_WARN_INT_CONVERSION = YES;
				CLANG_WARN_NON_LITERAL_NULL_CONVERSION = YES;
				CLANG_WARN_OBJC_IMPLICIT_RETAIN_SELF = YES;
				CLANG_WARN_OBJC_LITERAL_CONVERSION = YES;
				CLANG_WARN_OBJC_ROOT_CLASS = YES_ERROR;
				CLANG_WARN_RANGE_LOOP_ANALYSIS = YES;
				CLANG_WARN_STRICT_PROTOTYPES = YES;
				CLANG_WARN_SUSPICIOUS_MOVE = YES;
				CLANG_WARN_UNGUARDED_AVAILABILITY = YES_AGGRESSIVE;
				CLANG_WARN_UNREACHABLE_CODE = YES;
				CLANG_WARN__DUPLICATE_METHOD_MATCH = YES;
				CODE_SIGN_IDENTITY = "iPhone Developer";
				COPY_PHASE_STRIP = NO;
				DEBUG_INFORMATION_FORMAT = "dwarf-with-dsym";
				ENABLE_NS_ASSERTIONS = NO;
				ENABLE_STRICT_OBJC_MSGSEND = YES;
				GCC_C_LANGUAGE_STANDARD = gnu11;
				GCC_NO_COMMON_BLOCKS = YES;
				GCC_WARN_64_TO_32_BIT_CONVERSION = YES;
				GCC_WARN_ABOUT_RETURN_TYPE = YES_ERROR;
				GCC_WARN_UNDECLARED_SELECTOR = YES;
				GCC_WARN_UNINITIALIZED_AUTOS = YES_AGGRESSIVE;
				GCC_WARN_UNUSED_FUNCTION = YES;
				GCC_WARN_UNUSED_VARIABLE = YES;
				IPHONEOS_DEPLOYMENT_TARGET = 11.4;
				MTL_ENABLE_DEBUG_INFO = NO;
				SDKROOT = iphoneos;
				SWIFT_COMPILATION_MODE = wholemodule;
				SWIFT_OPTIMIZATION_LEVEL = "-O";
				VALIDATE_PRODUCT = YES;
			};
			name = Release;
		};
		C75D6B5721AC7D4000CA79F0 /* Debug */ = {
			isa = XCBuildConfiguration;
			buildSettings = {
				ASSETCATALOG_COMPILER_APPICON_NAME = AppIcon;
				CODE_SIGN_STYLE = Automatic;
				INFOPLIST_FILE = dataProject/Info.plist;
				LD_RUNPATH_SEARCH_PATHS = (
					"$(inherited)",
					"@executable_path/Frameworks",
				);
				PRODUCT_BUNDLE_IDENTIFIER = CTEC.dataProject;
				PRODUCT_NAME = "$(TARGET_NAME)";
				SWIFT_VERSION = 4.0;
				TARGETED_DEVICE_FAMILY = "1,2";
			};
			name = Debug;
		};
		C75D6B5821AC7D4000CA79F0 /* Release */ = {
			isa = XCBuildConfiguration;
			buildSettings = {
				ASSETCATALOG_COMPILER_APPICON_NAME = AppIcon;
				CODE_SIGN_STYLE = Automatic;
				INFOPLIST_FILE = dataProject/Info.plist;
				LD_RUNPATH_SEARCH_PATHS = (
					"$(inherited)",
					"@executable_path/Frameworks",
				);
				PRODUCT_BUNDLE_IDENTIFIER = CTEC.dataProject;
				PRODUCT_NAME = "$(TARGET_NAME)";
				SWIFT_VERSION = 4.0;
				TARGETED_DEVICE_FAMILY = "1,2";
			};
			name = Release;
		};
/* End XCBuildConfiguration section */

/* Begin XCConfigurationList section */
		C75D6B3F21AC7D3500CA79F0 /* Build configuration list for PBXProject "dataProject" */ = {
			isa = XCConfigurationList;
			buildConfigurations = (
				C75D6B5421AC7D4000CA79F0 /* Debug */,
				C75D6B5521AC7D4000CA79F0 /* Release */,
			);
			defaultConfigurationIsVisible = 0;
			defaultConfigurationName = Release;
		};
		C75D6B5621AC7D4000CA79F0 /* Build configuration list for PBXNativeTarget "dataProject" */ = {
			isa = XCConfigurationList;
			buildConfigurations = (
				C75D6B5721AC7D4000CA79F0 /* Debug */,
				C75D6B5821AC7D4000CA79F0 /* Release */,
			);
			defaultConfigurationIsVisible = 0;
			defaultConfigurationName = Release;
		};
/* End XCConfigurationList section */
	};
	rootObject = C75D6B3C21AC7D3500CA79F0 /* Project object */;
}
